
Microsoft Visual Studio Solution File, Format Version 12.00
# Visual Studio Version 17
VisualStudioVersion = 17.9.34701.34
MinimumVisualStudioVersion = 10.0.40219.1
Project("{2150E333-8FDC-42A3-9474-1A3956D46DE8}") = "UserService", "UserService", "{BE28D5A3-86E2-4DC8-A6B8-626C5C93DA76}"
EndProject
Project("{2150E333-8FDC-42A3-9474-1A3956D46DE8}") = "ApplicantService", "ApplicantService", "{E30A4F8E-D3F2-49C3-B6DE-C4F5DB206B16}"
EndProject
Project("{2150E333-8FDC-42A3-9474-1A3956D46DE8}") = "DictionaryService", "DictionaryService", "{0B30FF05-FA27-4F9F-95A7-7302180B9242}"
EndProject
Project("{2150E333-8FDC-42A3-9474-1A3956D46DE8}") = "AdmissioningService", "AdmissioningService", "{C7DCA5D5-C81C-4DFE-AA02-ED8444D4EF0D}"
EndProject
Project("{2150E333-8FDC-42A3-9474-1A3956D46DE8}") = "NotificationService", "NotificationService", "{AFEE3C06-E859-4A9B-AD65-986EE3AE8162}"
EndProject
Project("{2150E333-8FDC-42A3-9474-1A3956D46DE8}") = "Core", "Core", "{E31CDE59-7A93-4B0F-988B-FC69E61C2C5F}"
EndProject
Project("{2150E333-8FDC-42A3-9474-1A3956D46DE8}") = "Infrastructure", "Infrastructure", "{F8329942-BA85-4E35-949E-B456F5ADEC63}"
EndProject
Project("{2150E333-8FDC-42A3-9474-1A3956D46DE8}") = "Presentation", "Presentation", "{A0D351A2-D4D1-43B5-B084-D60614E9A788}"
EndProject
Project("{9A19103F-16F7-4668-BE54-9A1E7A4F7556}") = "UserService.Core.Domain", "UserService\UserService.Core.Domain\UserService.Core.Domain.csproj", "{62F03032-C92C-464F-8099-D5C0501A29C5}"
EndProject
Project("{9A19103F-16F7-4668-BE54-9A1E7A4F7556}") = "UserService.Core.Application", "UserService\UserService.Core.Application\UserService.Core.Application.csproj", "{C8BCF98A-0A9A-4016-8C77-6A6143278E1B}"
EndProject
Project("{9A19103F-16F7-4668-BE54-9A1E7A4F7556}") = "UserService.Infrastructure.Identity", "UserService\UserService.Infrastructure.Identity\UserService.Infrastructure.Identity.csproj", "{25D63D1A-0CC9-4999-9A09-18D57D829CD8}"
	ProjectSection(ProjectDependencies) = postProject
		{1137920E-BDFF-4352-AB45-A44244434875} = {1137920E-BDFF-4352-AB45-A44244434875}
	EndProjectSection
EndProject
Project("{9A19103F-16F7-4668-BE54-9A1E7A4F7556}") = "UserService.Presentation.Web", "UserService\UserService.Presentation.Web\UserService.Presentation.Web.csproj", "{AAD2AFD9-2A8D-4598-8B58-9013A409C755}"
EndProject
Project("{9A19103F-16F7-4668-BE54-9A1E7A4F7556}") = "Common.Models", "Common.Models\Common.Models.csproj", "{1137920E-BDFF-4352-AB45-A44244434875}"
EndProject
Project("{2150E333-8FDC-42A3-9474-1A3956D46DE8}") = "Core", "Core", "{48C1A3F3-12DD-437C-AA1F-781F798FF348}"
EndProject
Project("{2150E333-8FDC-42A3-9474-1A3956D46DE8}") = "Infrastructure", "Infrastructure", "{8E1802D2-2B6C-4AC9-B8CC-B3FF1843A8F6}"
EndProject
Project("{2150E333-8FDC-42A3-9474-1A3956D46DE8}") = "Presentation", "Presentation", "{3B01F712-94D9-481A-AFA2-87E92BDD0167}"
EndProject
Project("{9A19103F-16F7-4668-BE54-9A1E7A4F7556}") = "ApplicantService.Core.Application", "ApplicantService\ApplicantService.Core.Application\ApplicantService.Core.Application.csproj", "{4D38A9F5-42D4-4432-BD98-1850C0B648F4}"
EndProject
Project("{9A19103F-16F7-4668-BE54-9A1E7A4F7556}") = "ApplicantService.Presentation.Web", "ApplicantService\ApplicantService.Presentation.Web\ApplicantService.Presentation.Web.csproj", "{7DED0148-F865-4567-81F9-D4B38EA0BEEF}"
EndProject
Project("{9A19103F-16F7-4668-BE54-9A1E7A4F7556}") = "ApplicantService.Infrastructure.Persistence", "ApplicantService\ApplicantService.Infrastructure.Persistence\ApplicantService.Infrastructure.Persistence.csproj", "{419C8D6B-9AE1-4C3A-BE59-40975B03FA5D}"
EndProject
Project("{9A19103F-16F7-4668-BE54-9A1E7A4F7556}") = "ApplicantService.Core.Domain", "ApplicantService\ApplicantService.Core.Domain\ApplicantService.Core.Domain.csproj", "{DEEBA580-4BB9-4DF9-AB1E-443CCE2F8A1E}"
EndProject
Project("{2150E333-8FDC-42A3-9474-1A3956D46DE8}") = "Core", "Core", "{36BAA6DD-78A3-4804-92AE-836B37CEE567}"
EndProject
Project("{2150E333-8FDC-42A3-9474-1A3956D46DE8}") = "Infrastructure", "Infrastructure", "{4BAA60B9-E993-4C1A-AD71-1B101446735A}"
EndProject
Project("{2150E333-8FDC-42A3-9474-1A3956D46DE8}") = "Presentation", "Presentation", "{DE1A1A21-1E5F-45B8-81EB-F051B7015C04}"
EndProject
Project("{9A19103F-16F7-4668-BE54-9A1E7A4F7556}") = "DictionaryService.Core.Application", "DictionaryService\DictionaryService.Core.Application\DictionaryService.Core.Application.csproj", "{39C06BA3-597F-4422-ACA0-8D06AEB138AE}"
EndProject
Project("{9A19103F-16F7-4668-BE54-9A1E7A4F7556}") = "DictionaryService.Core.Domain", "DictionaryService\DictionaryService.Core.Domain\DictionaryService.Core.Domain.csproj", "{B074DE05-DA13-4B73-84F6-87B711B5C032}"
EndProject
Project("{9A19103F-16F7-4668-BE54-9A1E7A4F7556}") = "DictionaryService.Infrastructure.Persistence", "DictionaryService\DictionaryService.Infrastructure.Persistence\DictionaryService.Infrastructure.Persistence.csproj", "{E440CBE5-BC5B-4A79-9FB0-9A522302E7FB}"
EndProject
Project("{9A19103F-16F7-4668-BE54-9A1E7A4F7556}") = "DictionaryService.Presentation.Web", "DictionaryService\DictionaryService.Presentation.Web\DictionaryService.Presentation.Web.csproj", "{68732D4A-E4A7-448D-B8C2-8776E7BE567E}"
EndProject
Project("{9A19103F-16F7-4668-BE54-9A1E7A4F7556}") = "DictionaryService.Infrastructure.ExternalService", "DictionaryService\DictionaryService.Infrastructure.ExternalService\DictionaryService.Infrastructure.ExternalService.csproj", "{343CC003-6C9C-488D-B0B4-BC50D5D1571C}"
EndProject
Project("{9A19103F-16F7-4668-BE54-9A1E7A4F7556}") = "Common.API", "Common.API\Common.API.csproj", "{7844FD25-030A-4416-AB6C-7E9F5505076C}"
EndProject
Project("{9A19103F-16F7-4668-BE54-9A1E7A4F7556}") = "Common.ServiceBus", "Common.ServiceBus\Common.ServiceBus.csproj", "{8CF77CC8-199E-48A6-B2DF-41D6DDE687C2}"
EndProject
Project("{9A19103F-16F7-4668-BE54-9A1E7A4F7556}") = "Common.Repositories", "Common.Repositories\Common.Repositories.csproj", "{A2820C66-D5DA-442C-9594-66BDB8F0ACF0}"
EndProject
Global
	GlobalSection(SolutionConfigurationPlatforms) = preSolution
		Debug|Any CPU = Debug|Any CPU
		Debug|x64 = Debug|x64
		Release|Any CPU = Release|Any CPU
		Release|x64 = Release|x64
	EndGlobalSection
	GlobalSection(ProjectConfigurationPlatforms) = postSolution
		{62F03032-C92C-464F-8099-D5C0501A29C5}.Debug|Any CPU.ActiveCfg = Debug|Any CPU
		{62F03032-C92C-464F-8099-D5C0501A29C5}.Debug|Any CPU.Build.0 = Debug|Any CPU
		{62F03032-C92C-464F-8099-D5C0501A29C5}.Debug|x64.ActiveCfg = Debug|x64
		{62F03032-C92C-464F-8099-D5C0501A29C5}.Debug|x64.Build.0 = Debug|x64
		{62F03032-C92C-464F-8099-D5C0501A29C5}.Release|Any CPU.ActiveCfg = Release|Any CPU
		{62F03032-C92C-464F-8099-D5C0501A29C5}.Release|Any CPU.Build.0 = Release|Any CPU
		{62F03032-C92C-464F-8099-D5C0501A29C5}.Release|x64.ActiveCfg = Release|x64
		{62F03032-C92C-464F-8099-D5C0501A29C5}.Release|x64.Build.0 = Release|x64
		{C8BCF98A-0A9A-4016-8C77-6A6143278E1B}.Debug|Any CPU.ActiveCfg = Debug|Any CPU
		{C8BCF98A-0A9A-4016-8C77-6A6143278E1B}.Debug|Any CPU.Build.0 = Debug|Any CPU
		{C8BCF98A-0A9A-4016-8C77-6A6143278E1B}.Debug|x64.ActiveCfg = Debug|x64
		{C8BCF98A-0A9A-4016-8C77-6A6143278E1B}.Debug|x64.Build.0 = Debug|x64
		{C8BCF98A-0A9A-4016-8C77-6A6143278E1B}.Release|Any CPU.ActiveCfg = Release|Any CPU
		{C8BCF98A-0A9A-4016-8C77-6A6143278E1B}.Release|Any CPU.Build.0 = Release|Any CPU
		{C8BCF98A-0A9A-4016-8C77-6A6143278E1B}.Release|x64.ActiveCfg = Release|x64
		{C8BCF98A-0A9A-4016-8C77-6A6143278E1B}.Release|x64.Build.0 = Release|x64
		{25D63D1A-0CC9-4999-9A09-18D57D829CD8}.Debug|Any CPU.ActiveCfg = Debug|Any CPU
		{25D63D1A-0CC9-4999-9A09-18D57D829CD8}.Debug|Any CPU.Build.0 = Debug|Any CPU
		{25D63D1A-0CC9-4999-9A09-18D57D829CD8}.Debug|x64.ActiveCfg = Debug|x64
		{25D63D1A-0CC9-4999-9A09-18D57D829CD8}.Debug|x64.Build.0 = Debug|x64
		{25D63D1A-0CC9-4999-9A09-18D57D829CD8}.Release|Any CPU.ActiveCfg = Release|Any CPU
		{25D63D1A-0CC9-4999-9A09-18D57D829CD8}.Release|Any CPU.Build.0 = Release|Any CPU
		{25D63D1A-0CC9-4999-9A09-18D57D829CD8}.Release|x64.ActiveCfg = Release|x64
		{25D63D1A-0CC9-4999-9A09-18D57D829CD8}.Release|x64.Build.0 = Release|x64
		{AAD2AFD9-2A8D-4598-8B58-9013A409C755}.Debug|Any CPU.ActiveCfg = Debug|Any CPU
		{AAD2AFD9-2A8D-4598-8B58-9013A409C755}.Debug|Any CPU.Build.0 = Debug|Any CPU
		{AAD2AFD9-2A8D-4598-8B58-9013A409C755}.Debug|x64.ActiveCfg = Debug|x64
		{AAD2AFD9-2A8D-4598-8B58-9013A409C755}.Debug|x64.Build.0 = Debug|x64
		{AAD2AFD9-2A8D-4598-8B58-9013A409C755}.Release|Any CPU.ActiveCfg = Release|Any CPU
		{AAD2AFD9-2A8D-4598-8B58-9013A409C755}.Release|Any CPU.Build.0 = Release|Any CPU
		{AAD2AFD9-2A8D-4598-8B58-9013A409C755}.Release|x64.ActiveCfg = Release|x64
		{AAD2AFD9-2A8D-4598-8B58-9013A409C755}.Release|x64.Build.0 = Release|x64
		{1137920E-BDFF-4352-AB45-A44244434875}.Debug|Any CPU.ActiveCfg = Debug|Any CPU
		{1137920E-BDFF-4352-AB45-A44244434875}.Debug|Any CPU.Build.0 = Debug|Any CPU
		{1137920E-BDFF-4352-AB45-A44244434875}.Debug|x64.ActiveCfg = Debug|Any CPU
		{1137920E-BDFF-4352-AB45-A44244434875}.Debug|x64.Build.0 = Debug|Any CPU
		{1137920E-BDFF-4352-AB45-A44244434875}.Release|Any CPU.ActiveCfg = Release|Any CPU
		{1137920E-BDFF-4352-AB45-A44244434875}.Release|Any CPU.Build.0 = Release|Any CPU
		{1137920E-BDFF-4352-AB45-A44244434875}.Release|x64.ActiveCfg = Release|Any CPU
		{1137920E-BDFF-4352-AB45-A44244434875}.Release|x64.Build.0 = Release|Any CPU
		{4D38A9F5-42D4-4432-BD98-1850C0B648F4}.Debug|Any CPU.ActiveCfg = Debug|Any CPU
		{4D38A9F5-42D4-4432-BD98-1850C0B648F4}.Debug|Any CPU.Build.0 = Debug|Any CPU
		{4D38A9F5-42D4-4432-BD98-1850C0B648F4}.Debug|x64.ActiveCfg = Debug|x64
		{4D38A9F5-42D4-4432-BD98-1850C0B648F4}.Debug|x64.Build.0 = Debug|x64
		{4D38A9F5-42D4-4432-BD98-1850C0B648F4}.Release|Any CPU.ActiveCfg = Release|Any CPU
		{4D38A9F5-42D4-4432-BD98-1850C0B648F4}.Release|Any CPU.Build.0 = Release|Any CPU
		{4D38A9F5-42D4-4432-BD98-1850C0B648F4}.Release|x64.ActiveCfg = Release|x64
		{4D38A9F5-42D4-4432-BD98-1850C0B648F4}.Release|x64.Build.0 = Release|x64
		{7DED0148-F865-4567-81F9-D4B38EA0BEEF}.Debug|Any CPU.ActiveCfg = Debug|Any CPU
		{7DED0148-F865-4567-81F9-D4B38EA0BEEF}.Debug|Any CPU.Build.0 = Debug|Any CPU
		{7DED0148-F865-4567-81F9-D4B38EA0BEEF}.Debug|x64.ActiveCfg = Debug|Any CPU
		{7DED0148-F865-4567-81F9-D4B38EA0BEEF}.Debug|x64.Build.0 = Debug|Any CPU
		{7DED0148-F865-4567-81F9-D4B38EA0BEEF}.Release|Any CPU.ActiveCfg = Release|Any CPU
		{7DED0148-F865-4567-81F9-D4B38EA0BEEF}.Release|Any CPU.Build.0 = Release|Any CPU
		{7DED0148-F865-4567-81F9-D4B38EA0BEEF}.Release|x64.ActiveCfg = Release|Any CPU
		{7DED0148-F865-4567-81F9-D4B38EA0BEEF}.Release|x64.Build.0 = Release|Any CPU
		{419C8D6B-9AE1-4C3A-BE59-40975B03FA5D}.Debug|Any CPU.ActiveCfg = Debug|Any CPU
		{419C8D6B-9AE1-4C3A-BE59-40975B03FA5D}.Debug|Any CPU.Build.0 = Debug|Any CPU
		{419C8D6B-9AE1-4C3A-BE59-40975B03FA5D}.Debug|x64.ActiveCfg = Debug|x64
		{419C8D6B-9AE1-4C3A-BE59-40975B03FA5D}.Debug|x64.Build.0 = Debug|x64
		{419C8D6B-9AE1-4C3A-BE59-40975B03FA5D}.Release|Any CPU.ActiveCfg = Release|Any CPU
		{419C8D6B-9AE1-4C3A-BE59-40975B03FA5D}.Release|Any CPU.Build.0 = Release|Any CPU
		{419C8D6B-9AE1-4C3A-BE59-40975B03FA5D}.Release|x64.ActiveCfg = Release|x64
		{419C8D6B-9AE1-4C3A-BE59-40975B03FA5D}.Release|x64.Build.0 = Release|x64
		{DEEBA580-4BB9-4DF9-AB1E-443CCE2F8A1E}.Debug|Any CPU.ActiveCfg = Debug|Any CPU
		{DEEBA580-4BB9-4DF9-AB1E-443CCE2F8A1E}.Debug|Any CPU.Build.0 = Debug|Any CPU
		{DEEBA580-4BB9-4DF9-AB1E-443CCE2F8A1E}.Debug|x64.ActiveCfg = Debug|x64
		{DEEBA580-4BB9-4DF9-AB1E-443CCE2F8A1E}.Debug|x64.Build.0 = Debug|x64
		{DEEBA580-4BB9-4DF9-AB1E-443CCE2F8A1E}.Release|Any CPU.ActiveCfg = Release|Any CPU
		{DEEBA580-4BB9-4DF9-AB1E-443CCE2F8A1E}.Release|Any CPU.Build.0 = Release|Any CPU
		{DEEBA580-4BB9-4DF9-AB1E-443CCE2F8A1E}.Release|x64.ActiveCfg = Release|x64
		{DEEBA580-4BB9-4DF9-AB1E-443CCE2F8A1E}.Release|x64.Build.0 = Release|x64
		{39C06BA3-597F-4422-ACA0-8D06AEB138AE}.Debug|Any CPU.ActiveCfg = Debug|Any CPU
		{39C06BA3-597F-4422-ACA0-8D06AEB138AE}.Debug|Any CPU.Build.0 = Debug|Any CPU
		{39C06BA3-597F-4422-ACA0-8D06AEB138AE}.Debug|x64.ActiveCfg = Debug|Any CPU
		{39C06BA3-597F-4422-ACA0-8D06AEB138AE}.Debug|x64.Build.0 = Debug|Any CPU
		{39C06BA3-597F-4422-ACA0-8D06AEB138AE}.Release|Any CPU.ActiveCfg = Release|Any CPU
		{39C06BA3-597F-4422-ACA0-8D06AEB138AE}.Release|Any CPU.Build.0 = Release|Any CPU
		{39C06BA3-597F-4422-ACA0-8D06AEB138AE}.Release|x64.ActiveCfg = Release|Any CPU
		{39C06BA3-597F-4422-ACA0-8D06AEB138AE}.Release|x64.Build.0 = Release|Any CPU
		{B074DE05-DA13-4B73-84F6-87B711B5C032}.Debug|Any CPU.ActiveCfg = Debug|Any CPU
		{B074DE05-DA13-4B73-84F6-87B711B5C032}.Debug|Any CPU.Build.0 = Debug|Any CPU
		{B074DE05-DA13-4B73-84F6-87B711B5C032}.Debug|x64.ActiveCfg = Debug|Any CPU
		{B074DE05-DA13-4B73-84F6-87B711B5C032}.Debug|x64.Build.0 = Debug|Any CPU
		{B074DE05-DA13-4B73-84F6-87B711B5C032}.Release|Any CPU.ActiveCfg = Release|Any CPU
		{B074DE05-DA13-4B73-84F6-87B711B5C032}.Release|Any CPU.Build.0 = Release|Any CPU
		{B074DE05-DA13-4B73-84F6-87B711B5C032}.Release|x64.ActiveCfg = Release|Any CPU
		{B074DE05-DA13-4B73-84F6-87B711B5C032}.Release|x64.Build.0 = Release|Any CPU
		{E440CBE5-BC5B-4A79-9FB0-9A522302E7FB}.Debug|Any CPU.ActiveCfg = Debug|Any CPU
		{E440CBE5-BC5B-4A79-9FB0-9A522302E7FB}.Debug|Any CPU.Build.0 = Debug|Any CPU
		{E440CBE5-BC5B-4A79-9FB0-9A522302E7FB}.Debug|x64.ActiveCfg = Debug|Any CPU
		{E440CBE5-BC5B-4A79-9FB0-9A522302E7FB}.Debug|x64.Build.0 = Debug|Any CPU
		{E440CBE5-BC5B-4A79-9FB0-9A522302E7FB}.Release|Any CPU.ActiveCfg = Release|Any CPU
		{E440CBE5-BC5B-4A79-9FB0-9A522302E7FB}.Release|Any CPU.Build.0 = Release|Any CPU
		{E440CBE5-BC5B-4A79-9FB0-9A522302E7FB}.Release|x64.ActiveCfg = Release|Any CPU
		{E440CBE5-BC5B-4A79-9FB0-9A522302E7FB}.Release|x64.Build.0 = Release|Any CPU
		{68732D4A-E4A7-448D-B8C2-8776E7BE567E}.Debug|Any CPU.ActiveCfg = Debug|Any CPU
		{68732D4A-E4A7-448D-B8C2-8776E7BE567E}.Debug|Any CPU.Build.0 = Debug|Any CPU
		{68732D4A-E4A7-448D-B8C2-8776E7BE567E}.Debug|x64.ActiveCfg = Debug|Any CPU
		{68732D4A-E4A7-448D-B8C2-8776E7BE567E}.Debug|x64.Build.0 = Debug|Any CPU
		{68732D4A-E4A7-448D-B8C2-8776E7BE567E}.Release|Any CPU.ActiveCfg = Release|Any CPU
		{68732D4A-E4A7-448D-B8C2-8776E7BE567E}.Release|Any CPU.Build.0 = Release|Any CPU
		{68732D4A-E4A7-448D-B8C2-8776E7BE567E}.Release|x64.ActiveCfg = Release|Any CPU
		{68732D4A-E4A7-448D-B8C2-8776E7BE567E}.Release|x64.Build.0 = Release|Any CPU
		{343CC003-6C9C-488D-B0B4-BC50D5D1571C}.Debug|Any CPU.ActiveCfg = Debug|Any CPU
		{343CC003-6C9C-488D-B0B4-BC50D5D1571C}.Debug|Any CPU.Build.0 = Debug|Any CPU
		{343CC003-6C9C-488D-B0B4-BC50D5D1571C}.Debug|x64.ActiveCfg = Debug|Any CPU
		{343CC003-6C9C-488D-B0B4-BC50D5D1571C}.Debug|x64.Build.0 = Debug|Any CPU
		{343CC003-6C9C-488D-B0B4-BC50D5D1571C}.Release|Any CPU.ActiveCfg = Release|Any CPU
		{343CC003-6C9C-488D-B0B4-BC50D5D1571C}.Release|Any CPU.Build.0 = Release|Any CPU
		{343CC003-6C9C-488D-B0B4-BC50D5D1571C}.Release|x64.ActiveCfg = Release|Any CPU
		{343CC003-6C9C-488D-B0B4-BC50D5D1571C}.Release|x64.Build.0 = Release|Any CPU
		{7844FD25-030A-4416-AB6C-7E9F5505076C}.Debug|Any CPU.ActiveCfg = Debug|Any CPU
		{7844FD25-030A-4416-AB6C-7E9F5505076C}.Debug|Any CPU.Build.0 = Debug|Any CPU
		{7844FD25-030A-4416-AB6C-7E9F5505076C}.Debug|x64.ActiveCfg = Debug|Any CPU
		{7844FD25-030A-4416-AB6C-7E9F5505076C}.Debug|x64.Build.0 = Debug|Any CPU
		{7844FD25-030A-4416-AB6C-7E9F5505076C}.Release|Any CPU.ActiveCfg = Release|Any CPU
		{7844FD25-030A-4416-AB6C-7E9F5505076C}.Release|Any CPU.Build.0 = Release|Any CPU
		{7844FD25-030A-4416-AB6C-7E9F5505076C}.Release|x64.ActiveCfg = Release|Any CPU
		{7844FD25-030A-4416-AB6C-7E9F5505076C}.Release|x64.Build.0 = Release|Any CPU
		{8CF77CC8-199E-48A6-B2DF-41D6DDE687C2}.Debug|Any CPU.ActiveCfg = Debug|Any CPU
		{8CF77CC8-199E-48A6-B2DF-41D6DDE687C2}.Debug|Any CPU.Build.0 = Debug|Any CPU
		{8CF77CC8-199E-48A6-B2DF-41D6DDE687C2}.Debug|x64.ActiveCfg = Debug|Any CPU
		{8CF77CC8-199E-48A6-B2DF-41D6DDE687C2}.Debug|x64.Build.0 = Debug|Any CPU
		{8CF77CC8-199E-48A6-B2DF-41D6DDE687C2}.Release|Any CPU.ActiveCfg = Release|Any CPU
		{8CF77CC8-199E-48A6-B2DF-41D6DDE687C2}.Release|Any CPU.Build.0 = Release|Any CPU
		{8CF77CC8-199E-48A6-B2DF-41D6DDE687C2}.Release|x64.ActiveCfg = Release|Any CPU
		{8CF77CC8-199E-48A6-B2DF-41D6DDE687C2}.Release|x64.Build.0 = Release|Any CPU
		{A2820C66-D5DA-442C-9594-66BDB8F0ACF0}.Debug|Any CPU.ActiveCfg = Debug|Any CPU
		{A2820C66-D5DA-442C-9594-66BDB8F0ACF0}.Debug|Any CPU.Build.0 = Debug|Any CPU
		{A2820C66-D5DA-442C-9594-66BDB8F0ACF0}.Debug|x64.ActiveCfg = Debug|Any CPU
		{A2820C66-D5DA-442C-9594-66BDB8F0ACF0}.Debug|x64.Build.0 = Debug|Any CPU
		{A2820C66-D5DA-442C-9594-66BDB8F0ACF0}.Release|Any CPU.ActiveCfg = Release|Any CPU
		{A2820C66-D5DA-442C-9594-66BDB8F0ACF0}.Release|Any CPU.Build.0 = Release|Any CPU
		{A2820C66-D5DA-442C-9594-66BDB8F0ACF0}.Release|x64.ActiveCfg = Release|Any CPU
		{A2820C66-D5DA-442C-9594-66BDB8F0ACF0}.Release|x64.Build.0 = Release|Any CPU
	EndGlobalSection
	GlobalSection(SolutionProperties) = preSolution
		HideSolutionNode = FALSE
	EndGlobalSection
	GlobalSection(NestedProjects) = preSolution
		{E31CDE59-7A93-4B0F-988B-FC69E61C2C5F} = {BE28D5A3-86E2-4DC8-A6B8-626C5C93DA76}
		{F8329942-BA85-4E35-949E-B456F5ADEC63} = {BE28D5A3-86E2-4DC8-A6B8-626C5C93DA76}
		{A0D351A2-D4D1-43B5-B084-D60614E9A788} = {BE28D5A3-86E2-4DC8-A6B8-626C5C93DA76}
		{62F03032-C92C-464F-8099-D5C0501A29C5} = {E31CDE59-7A93-4B0F-988B-FC69E61C2C5F}
		{C8BCF98A-0A9A-4016-8C77-6A6143278E1B} = {E31CDE59-7A93-4B0F-988B-FC69E61C2C5F}
		{25D63D1A-0CC9-4999-9A09-18D57D829CD8} = {F8329942-BA85-4E35-949E-B456F5ADEC63}
		{AAD2AFD9-2A8D-4598-8B58-9013A409C755} = {A0D351A2-D4D1-43B5-B084-D60614E9A788}
		{48C1A3F3-12DD-437C-AA1F-781F798FF348} = {E30A4F8E-D3F2-49C3-B6DE-C4F5DB206B16}
		{8E1802D2-2B6C-4AC9-B8CC-B3FF1843A8F6} = {E30A4F8E-D3F2-49C3-B6DE-C4F5DB206B16}
		{3B01F712-94D9-481A-AFA2-87E92BDD0167} = {E30A4F8E-D3F2-49C3-B6DE-C4F5DB206B16}
		{4D38A9F5-42D4-4432-BD98-1850C0B648F4} = {48C1A3F3-12DD-437C-AA1F-781F798FF348}
		{7DED0148-F865-4567-81F9-D4B38EA0BEEF} = {3B01F712-94D9-481A-AFA2-87E92BDD0167}
		{419C8D6B-9AE1-4C3A-BE59-40975B03FA5D} = {8E1802D2-2B6C-4AC9-B8CC-B3FF1843A8F6}
		{DEEBA580-4BB9-4DF9-AB1E-443CCE2F8A1E} = {48C1A3F3-12DD-437C-AA1F-781F798FF348}
		{36BAA6DD-78A3-4804-92AE-836B37CEE567} = {0B30FF05-FA27-4F9F-95A7-7302180B9242}
		{4BAA60B9-E993-4C1A-AD71-1B101446735A} = {0B30FF05-FA27-4F9F-95A7-7302180B9242}
		{DE1A1A21-1E5F-45B8-81EB-F051B7015C04} = {0B30FF05-FA27-4F9F-95A7-7302180B9242}
		{39C06BA3-597F-4422-ACA0-8D06AEB138AE} = {36BAA6DD-78A3-4804-92AE-836B37CEE567}
		{B074DE05-DA13-4B73-84F6-87B711B5C032} = {36BAA6DD-78A3-4804-92AE-836B37CEE567}
		{E440CBE5-BC5B-4A79-9FB0-9A522302E7FB} = {4BAA60B9-E993-4C1A-AD71-1B101446735A}
		{68732D4A-E4A7-448D-B8C2-8776E7BE567E} = {DE1A1A21-1E5F-45B8-81EB-F051B7015C04}
		{343CC003-6C9C-488D-B0B4-BC50D5D1571C} = {4BAA60B9-E993-4C1A-AD71-1B101446735A}
	EndGlobalSection
	GlobalSection(ExtensibilityGlobals) = postSolution
		SolutionGuid = {9C33DDE0-5A90-4DDB-A50A-D316863C604D}
	EndGlobalSection
EndGlobal
